
Microsoft Visual Studio Solution File, Format Version 12.00
# Visual Studio 2012
Project("{FAE04EC0-301F-11D3-BF4B-00C04F79EFBC}") = "PatternStrategy", "PatternStrategy\PatternStrategy.csproj", "{F8843D76-0AF2-43F5-B657-BCF5A2025ED9}"
EndProject
Project("{FAE04EC0-301F-11D3-BF4B-00C04F79EFBC}") = "PatternDecorator", "PatternDecorator\PatternDecorator.csproj", "{71910717-EE78-487D-BC0D-0A23CCC138FE}"
EndProject
Project("{FAE04EC0-301F-11D3-BF4B-00C04F79EFBC}") = "PatternSimpleFactory", "PatternSimpleFactory\PatternSimpleFactory.csproj", "{FC9CFFD6-5F20-4EB4-8857-9D714E29EACF}"
EndProject
Project("{FAE04EC0-301F-11D3-BF4B-00C04F79EFBC}") = "PatternFactoryMethod", "PatternFactoryMethod\PatternFactoryMethod.csproj", "{3F94D016-3F33-41BF-9F8E-8ECA70B186C7}"
EndProject
Project("{FAE04EC0-301F-11D3-BF4B-00C04F79EFBC}") = "PatternAbstractFactory", "PatternAbstractFactory\PatternAbstractFactory.csproj", "{901FAF5F-B593-40A7-84D4-7B309285D226}"
EndProject
Project("{FAE04EC0-301F-11D3-BF4B-00C04F79EFBC}") = "PatternSingleton", "PatternSingleton\PatternSingleton.csproj", "{BAF395B4-0977-4B80-836C-D2882A93DF83}"
EndProject
Project("{FAE04EC0-301F-11D3-BF4B-00C04F79EFBC}") = "PatternObserver", "PatternObserver\PatternObserver.csproj", "{BB24C035-0D1B-4AC5-B76F-197422537CF4}"
EndProject
Project("{FAE04EC0-301F-11D3-BF4B-00C04F79EFBC}") = "PatternAdapter", "PatternAdapter\PatternAdapter.csproj", "{AB77FFE9-694A-457D-811C-BD665D9153A8}"
EndProject
Project("{FAE04EC0-301F-11D3-BF4B-00C04F79EFBC}") = "PatternCommand", "PatternCommand\PatternCommand.csproj", "{416331B8-8E49-4D01-8C14-A3AAFF04A3A6}"
EndProject
Project("{FAE04EC0-301F-11D3-BF4B-00C04F79EFBC}") = "PatternFacade", "PatternFacade\PatternFacade.csproj", "{0EEC102A-6A30-4713-B585-52F9BA336AC5}"
EndProject
Project("{FAE04EC0-301F-11D3-BF4B-00C04F79EFBC}") = "PatternTemplateMethod", "PatternTemplateMethod\PatternTemplateMethod.csproj", "{FE62B8FA-72E4-40FB-B5A1-D35B9B460BBC}"
EndProject
Project("{FAE04EC0-301F-11D3-BF4B-00C04F79EFBC}") = "PatternIterator", "PatternIterator\PatternIterator.csproj", "{701210AA-6D39-4396-9FD7-90355DAA5606}"
EndProject
Project("{FAE04EC0-301F-11D3-BF4B-00C04F79EFBC}") = "PatternComposite", "PatternComposite\PatternComposite.csproj", "{DCEE6199-9778-45B9-8F24-F71D41D72361}"
EndProject
Project("{FAE04EC0-301F-11D3-BF4B-00C04F79EFBC}") = "PatternState", "PatternState\PatternState.csproj", "{80A22FC1-2FBB-4AA7-A438-E3B7E2755DC2}"
EndProject
Project("{FAE04EC0-301F-11D3-BF4B-00C04F79EFBC}") = "PatternProxy", "PatternProxy\PatternProxy.csproj", "{00E66414-6F04-4FDA-8E84-FAB5AC1265A1}"
EndProject
Global
	GlobalSection(SolutionConfigurationPlatforms) = preSolution
		Debug|Any CPU = Debug|Any CPU
		Debug|Mixed Platforms = Debug|Mixed Platforms
		Debug|x86 = Debug|x86
		Release|Any CPU = Release|Any CPU
		Release|Mixed Platforms = Release|Mixed Platforms
		Release|x86 = Release|x86
	EndGlobalSection
	GlobalSection(ProjectConfigurationPlatforms) = postSolution
		{F8843D76-0AF2-43F5-B657-BCF5A2025ED9}.Debug|Any CPU.ActiveCfg = Debug|x86
		{F8843D76-0AF2-43F5-B657-BCF5A2025ED9}.Debug|Mixed Platforms.ActiveCfg = Debug|x86
		{F8843D76-0AF2-43F5-B657-BCF5A2025ED9}.Debug|Mixed Platforms.Build.0 = Debug|x86
		{F8843D76-0AF2-43F5-B657-BCF5A2025ED9}.Debug|x86.ActiveCfg = Debug|x86
		{F8843D76-0AF2-43F5-B657-BCF5A2025ED9}.Debug|x86.Build.0 = Debug|x86
		{F8843D76-0AF2-43F5-B657-BCF5A2025ED9}.Release|Any CPU.ActiveCfg = Release|x86
		{F8843D76-0AF2-43F5-B657-BCF5A2025ED9}.Release|Mixed Platforms.ActiveCfg = Release|x86
		{F8843D76-0AF2-43F5-B657-BCF5A2025ED9}.Release|Mixed Platforms.Build.0 = Release|x86
		{F8843D76-0AF2-43F5-B657-BCF5A2025ED9}.Release|x86.ActiveCfg = Release|x86
		{F8843D76-0AF2-43F5-B657-BCF5A2025ED9}.Release|x86.Build.0 = Release|x86
		{71910717-EE78-487D-BC0D-0A23CCC138FE}.Debug|Any CPU.ActiveCfg = Debug|x86
		{71910717-EE78-487D-BC0D-0A23CCC138FE}.Debug|Mixed Platforms.ActiveCfg = Debug|x86
		{71910717-EE78-487D-BC0D-0A23CCC138FE}.Debug|Mixed Platforms.Build.0 = Debug|x86
		{71910717-EE78-487D-BC0D-0A23CCC138FE}.Debug|x86.ActiveCfg = Debug|x86
		{71910717-EE78-487D-BC0D-0A23CCC138FE}.Debug|x86.Build.0 = Debug|x86
		{71910717-EE78-487D-BC0D-0A23CCC138FE}.Release|Any CPU.ActiveCfg = Release|x86
		{71910717-EE78-487D-BC0D-0A23CCC138FE}.Release|Mixed Platforms.ActiveCfg = Release|x86
		{71910717-EE78-487D-BC0D-0A23CCC138FE}.Release|Mixed Platforms.Build.0 = Release|x86
		{71910717-EE78-487D-BC0D-0A23CCC138FE}.Release|x86.ActiveCfg = Release|x86
		{71910717-EE78-487D-BC0D-0A23CCC138FE}.Release|x86.Build.0 = Release|x86
		{FC9CFFD6-5F20-4EB4-8857-9D714E29EACF}.Debug|Any CPU.ActiveCfg = Debug|x86
		{FC9CFFD6-5F20-4EB4-8857-9D714E29EACF}.Debug|Mixed Platforms.ActiveCfg = Debug|x86
		{FC9CFFD6-5F20-4EB4-8857-9D714E29EACF}.Debug|Mixed Platforms.Build.0 = Debug|x86
		{FC9CFFD6-5F20-4EB4-8857-9D714E29EACF}.Debug|x86.ActiveCfg = Debug|x86
		{FC9CFFD6-5F20-4EB4-8857-9D714E29EACF}.Debug|x86.Build.0 = Debug|x86
		{FC9CFFD6-5F20-4EB4-8857-9D714E29EACF}.Release|Any CPU.ActiveCfg = Release|x86
		{FC9CFFD6-5F20-4EB4-8857-9D714E29EACF}.Release|Mixed Platforms.ActiveCfg = Release|x86
		{FC9CFFD6-5F20-4EB4-8857-9D714E29EACF}.Release|Mixed Platforms.Build.0 = Release|x86
		{FC9CFFD6-5F20-4EB4-8857-9D714E29EACF}.Release|x86.ActiveCfg = Release|x86
		{FC9CFFD6-5F20-4EB4-8857-9D714E29EACF}.Release|x86.Build.0 = Release|x86
		{3F94D016-3F33-41BF-9F8E-8ECA70B186C7}.Debug|Any CPU.ActiveCfg = Debug|x86
		{3F94D016-3F33-41BF-9F8E-8ECA70B186C7}.Debug|Mixed Platforms.ActiveCfg = Debug|x86
		{3F94D016-3F33-41BF-9F8E-8ECA70B186C7}.Debug|Mixed Platforms.Build.0 = Debug|x86
		{3F94D016-3F33-41BF-9F8E-8ECA70B186C7}.Debug|x86.ActiveCfg = Debug|x86
		{3F94D016-3F33-41BF-9F8E-8ECA70B186C7}.Debug|x86.Build.0 = Debug|x86
		{3F94D016-3F33-41BF-9F8E-8ECA70B186C7}.Release|Any CPU.ActiveCfg = Release|x86
		{3F94D016-3F33-41BF-9F8E-8ECA70B186C7}.Release|Mixed Platforms.ActiveCfg = Release|x86
		{3F94D016-3F33-41BF-9F8E-8ECA70B186C7}.Release|Mixed Platforms.Build.0 = Release|x86
		{3F94D016-3F33-41BF-9F8E-8ECA70B186C7}.Release|x86.ActiveCfg = Release|x86
		{3F94D016-3F33-41BF-9F8E-8ECA70B186C7}.Release|x86.Build.0 = Release|x86
		{901FAF5F-B593-40A7-84D4-7B309285D226}.Debug|Any CPU.ActiveCfg = Debug|x86
		{901FAF5F-B593-40A7-84D4-7B309285D226}.Debug|Mixed Platforms.ActiveCfg = Debug|x86
		{901FAF5F-B593-40A7-84D4-7B309285D226}.Debug|Mixed Platforms.Build.0 = Debug|x86
		{901FAF5F-B593-40A7-84D4-7B309285D226}.Debug|x86.ActiveCfg = Debug|x86
		{901FAF5F-B593-40A7-84D4-7B309285D226}.Debug|x86.Build.0 = Debug|x86
		{901FAF5F-B593-40A7-84D4-7B309285D226}.Release|Any CPU.ActiveCfg = Release|x86
		{901FAF5F-B593-40A7-84D4-7B309285D226}.Release|Mixed Platforms.ActiveCfg = Release|x86
		{901FAF5F-B593-40A7-84D4-7B309285D226}.Release|Mixed Platforms.Build.0 = Release|x86
		{901FAF5F-B593-40A7-84D4-7B309285D226}.Release|x86.ActiveCfg = Release|x86
		{901FAF5F-B593-40A7-84D4-7B309285D226}.Release|x86.Build.0 = Release|x86
		{BAF395B4-0977-4B80-836C-D2882A93DF83}.Debug|Any CPU.ActiveCfg = Debug|x86
		{BAF395B4-0977-4B80-836C-D2882A93DF83}.Debug|Mixed Platforms.ActiveCfg = Debug|x86
		{BAF395B4-0977-4B80-836C-D2882A93DF83}.Debug|Mixed Platforms.Build.0 = Debug|x86
		{BAF395B4-0977-4B80-836C-D2882A93DF83}.Debug|x86.ActiveCfg = Debug|x86
		{BAF395B4-0977-4B80-836C-D2882A93DF83}.Debug|x86.Build.0 = Debug|x86
		{BAF395B4-0977-4B80-836C-D2882A93DF83}.Release|Any CPU.ActiveCfg = Release|x86
		{BAF395B4-0977-4B80-836C-D2882A93DF83}.Release|Mixed Platforms.ActiveCfg = Release|x86
		{BAF395B4-0977-4B80-836C-D2882A93DF83}.Release|Mixed Platforms.Build.0 = Release|x86
		{BAF395B4-0977-4B80-836C-D2882A93DF83}.Release|x86.ActiveCfg = Release|x86
		{BAF395B4-0977-4B80-836C-D2882A93DF83}.Release|x86.Build.0 = Release|x86
		{BB24C035-0D1B-4AC5-B76F-197422537CF4}.Debug|Any CPU.ActiveCfg = Debug|x86
		{BB24C035-0D1B-4AC5-B76F-197422537CF4}.Debug|Mixed Platforms.ActiveCfg = Debug|x86
		{BB24C035-0D1B-4AC5-B76F-197422537CF4}.Debug|Mixed Platforms.Build.0 = Debug|x86
		{BB24C035-0D1B-4AC5-B76F-197422537CF4}.Debug|x86.ActiveCfg = Debug|x86
		{BB24C035-0D1B-4AC5-B76F-197422537CF4}.Debug|x86.Build.0 = Debug|x86
		{BB24C035-0D1B-4AC5-B76F-197422537CF4}.Release|Any CPU.ActiveCfg = Release|x86
		{BB24C035-0D1B-4AC5-B76F-197422537CF4}.Release|Mixed Platforms.ActiveCfg = Release|x86
		{BB24C035-0D1B-4AC5-B76F-197422537CF4}.Release|Mixed Platforms.Build.0 = Release|x86
		{BB24C035-0D1B-4AC5-B76F-197422537CF4}.Release|x86.ActiveCfg = Release|x86
		{BB24C035-0D1B-4AC5-B76F-197422537CF4}.Release|x86.Build.0 = Release|x86
		{AB77FFE9-694A-457D-811C-BD665D9153A8}.Debug|Any CPU.ActiveCfg = Debug|x86
		{AB77FFE9-694A-457D-811C-BD665D9153A8}.Debug|Mixed Platforms.ActiveCfg = Debug|x86
		{AB77FFE9-694A-457D-811C-BD665D9153A8}.Debug|Mixed Platforms.Build.0 = Debug|x86
		{AB77FFE9-694A-457D-811C-BD665D9153A8}.Debug|x86.ActiveCfg = Debug|x86
		{AB77FFE9-694A-457D-811C-BD665D9153A8}.Debug|x86.Build.0 = Debug|x86
		{AB77FFE9-694A-457D-811C-BD665D9153A8}.Release|Any CPU.ActiveCfg = Release|x86
		{AB77FFE9-694A-457D-811C-BD665D9153A8}.Release|Mixed Platforms.ActiveCfg = Release|x86
		{AB77FFE9-694A-457D-811C-BD665D9153A8}.Release|Mixed Platforms.Build.0 = Release|x86
		{AB77FFE9-694A-457D-811C-BD665D9153A8}.Release|x86.ActiveCfg = Release|x86
		{AB77FFE9-694A-457D-811C-BD665D9153A8}.Release|x86.Build.0 = Release|x86
		{416331B8-8E49-4D01-8C14-A3AAFF04A3A6}.Debug|Any CPU.ActiveCfg = Debug|x86
		{416331B8-8E49-4D01-8C14-A3AAFF04A3A6}.Debug|Mixed Platforms.ActiveCfg = Debug|x86
		{416331B8-8E49-4D01-8C14-A3AAFF04A3A6}.Debug|Mixed Platforms.Build.0 = Debug|x86
		{416331B8-8E49-4D01-8C14-A3AAFF04A3A6}.Debug|x86.ActiveCfg = Debug|x86
		{416331B8-8E49-4D01-8C14-A3AAFF04A3A6}.Debug|x86.Build.0 = Debug|x86
		{416331B8-8E49-4D01-8C14-A3AAFF04A3A6}.Release|Any CPU.ActiveCfg = Release|x86
		{416331B8-8E49-4D01-8C14-A3AAFF04A3A6}.Release|Mixed Platforms.ActiveCfg = Release|x86
		{416331B8-8E49-4D01-8C14-A3AAFF04A3A6}.Release|Mixed Platforms.Build.0 = Release|x86
		{416331B8-8E49-4D01-8C14-A3AAFF04A3A6}.Release|x86.ActiveCfg = Release|x86
		{416331B8-8E49-4D01-8C14-A3AAFF04A3A6}.Release|x86.Build.0 = Release|x86
		{0EEC102A-6A30-4713-B585-52F9BA336AC5}.Debug|Any CPU.ActiveCfg = Debug|x86
		{0EEC102A-6A30-4713-B585-52F9BA336AC5}.Debug|Mixed Platforms.ActiveCfg = Debug|x86
		{0EEC102A-6A30-4713-B585-52F9BA336AC5}.Debug|Mixed Platforms.Build.0 = Debug|x86
		{0EEC102A-6A30-4713-B585-52F9BA336AC5}.Debug|x86.ActiveCfg = Debug|x86
		{0EEC102A-6A30-4713-B585-52F9BA336AC5}.Debug|x86.Build.0 = Debug|x86
		{0EEC102A-6A30-4713-B585-52F9BA336AC5}.Release|Any CPU.ActiveCfg = Release|x86
		{0EEC102A-6A30-4713-B585-52F9BA336AC5}.Release|Mixed Platforms.ActiveCfg = Release|x86
		{0EEC102A-6A30-4713-B585-52F9BA336AC5}.Release|Mixed Platforms.Build.0 = Release|x86
		{0EEC102A-6A30-4713-B585-52F9BA336AC5}.Release|x86.ActiveCfg = Release|x86
		{0EEC102A-6A30-4713-B585-52F9BA336AC5}.Release|x86.Build.0 = Release|x86
		{FE62B8FA-72E4-40FB-B5A1-D35B9B460BBC}.Debug|Any CPU.ActiveCfg = Debug|Any CPU
		{FE62B8FA-72E4-40FB-B5A1-D35B9B460BBC}.Debug|Any CPU.Build.0 = Debug|Any CPU
		{FE62B8FA-72E4-40FB-B5A1-D35B9B460BBC}.Debug|Mixed Platforms.ActiveCfg = Debug|Any CPU
		{FE62B8FA-72E4-40FB-B5A1-D35B9B460BBC}.Debug|Mixed Platforms.Build.0 = Debug|Any CPU
		{FE62B8FA-72E4-40FB-B5A1-D35B9B460BBC}.Debug|x86.ActiveCfg = Debug|Any CPU
		{FE62B8FA-72E4-40FB-B5A1-D35B9B460BBC}.Release|Any CPU.ActiveCfg = Release|Any CPU
		{FE62B8FA-72E4-40FB-B5A1-D35B9B460BBC}.Release|Any CPU.Build.0 = Release|Any CPU
		{FE62B8FA-72E4-40FB-B5A1-D35B9B460BBC}.Release|Mixed Platforms.ActiveCfg = Release|Any CPU
		{FE62B8FA-72E4-40FB-B5A1-D35B9B460BBC}.Release|Mixed Platforms.Build.0 = Release|Any CPU
		{FE62B8FA-72E4-40FB-B5A1-D35B9B460BBC}.Release|x86.ActiveCfg = Release|Any CPU
		{701210AA-6D39-4396-9FD7-90355DAA5606}.Debug|Any CPU.ActiveCfg = Debug|Any CPU
		{701210AA-6D39-4396-9FD7-90355DAA5606}.Debug|Any CPU.Build.0 = Debug|Any CPU
		{701210AA-6D39-4396-9FD7-90355DAA5606}.Debug|Mixed Platforms.ActiveCfg = Debug|Any CPU
		{701210AA-6D39-4396-9FD7-90355DAA5606}.Debug|Mixed Platforms.Build.0 = Debug|Any CPU
		{701210AA-6D39-4396-9FD7-90355DAA5606}.Debug|x86.ActiveCfg = Debug|Any CPU
		{701210AA-6D39-4396-9FD7-90355DAA5606}.Release|Any CPU.ActiveCfg = Release|Any CPU
		{701210AA-6D39-4396-9FD7-90355DAA5606}.Release|Any CPU.Build.0 = Release|Any CPU
		{701210AA-6D39-4396-9FD7-90355DAA5606}.Release|Mixed Platforms.ActiveCfg = Release|Any CPU
		{701210AA-6D39-4396-9FD7-90355DAA5606}.Release|Mixed Platforms.Build.0 = Release|Any CPU
		{701210AA-6D39-4396-9FD7-90355DAA5606}.Release|x86.ActiveCfg = Release|Any CPU
		{DCEE6199-9778-45B9-8F24-F71D41D72361}.Debug|Any CPU.ActiveCfg = Debug|Any CPU
		{DCEE6199-9778-45B9-8F24-F71D41D72361}.Debug|Any CPU.Build.0 = Debug|Any CPU
		{DCEE6199-9778-45B9-8F24-F71D41D72361}.Debug|Mixed Platforms.ActiveCfg = Debug|Any CPU
		{DCEE6199-9778-45B9-8F24-F71D41D72361}.Debug|Mixed Platforms.Build.0 = Debug|Any CPU
		{DCEE6199-9778-45B9-8F24-F71D41D72361}.Debug|x86.ActiveCfg = Debug|Any CPU
		{DCEE6199-9778-45B9-8F24-F71D41D72361}.Release|Any CPU.ActiveCfg = Release|Any CPU
		{DCEE6199-9778-45B9-8F24-F71D41D72361}.Release|Any CPU.Build.0 = Release|Any CPU
		{DCEE6199-9778-45B9-8F24-F71D41D72361}.Release|Mixed Platforms.ActiveCfg = Release|Any CPU
		{DCEE6199-9778-45B9-8F24-F71D41D72361}.Release|Mixed Platforms.Build.0 = Release|Any CPU
		{DCEE6199-9778-45B9-8F24-F71D41D72361}.Release|x86.ActiveCfg = Release|Any CPU
		{80A22FC1-2FBB-4AA7-A438-E3B7E2755DC2}.Debug|Any CPU.ActiveCfg = Debug|Any CPU
		{80A22FC1-2FBB-4AA7-A438-E3B7E2755DC2}.Debug|Any CPU.Build.0 = Debug|Any CPU
		{80A22FC1-2FBB-4AA7-A438-E3B7E2755DC2}.Debug|Mixed Platforms.ActiveCfg = Debug|Any CPU
		{80A22FC1-2FBB-4AA7-A438-E3B7E2755DC2}.Debug|Mixed Platforms.Build.0 = Debug|Any CPU
		{80A22FC1-2FBB-4AA7-A438-E3B7E2755DC2}.Debug|x86.ActiveCfg = Debug|Any CPU
		{80A22FC1-2FBB-4AA7-A438-E3B7E2755DC2}.Release|Any CPU.ActiveCfg = Release|Any CPU
		{80A22FC1-2FBB-4AA7-A438-E3B7E2755DC2}.Release|Any CPU.Build.0 = Release|Any CPU
		{80A22FC1-2FBB-4AA7-A438-E3B7E2755DC2}.Release|Mixed Platforms.ActiveCfg = Release|Any CPU
		{80A22FC1-2FBB-4AA7-A438-E3B7E2755DC2}.Release|Mixed Platforms.Build.0 = Release|Any CPU
		{80A22FC1-2FBB-4AA7-A438-E3B7E2755DC2}.Release|x86.ActiveCfg = Release|Any CPU
		{00E66414-6F04-4FDA-8E84-FAB5AC1265A1}.Debug|Any CPU.ActiveCfg = Debug|Any CPU
		{00E66414-6F04-4FDA-8E84-FAB5AC1265A1}.Debug|Any CPU.Build.0 = Debug|Any CPU
		{00E66414-6F04-4FDA-8E84-FAB5AC1265A1}.Debug|Mixed Platforms.ActiveCfg = Debug|Any CPU
		{00E66414-6F04-4FDA-8E84-FAB5AC1265A1}.Debug|Mixed Platforms.Build.0 = Debug|Any CPU
		{00E66414-6F04-4FDA-8E84-FAB5AC1265A1}.Debug|x86.ActiveCfg = Debug|Any CPU
		{00E66414-6F04-4FDA-8E84-FAB5AC1265A1}.Release|Any CPU.ActiveCfg = Release|Any CPU
		{00E66414-6F04-4FDA-8E84-FAB5AC1265A1}.Release|Any CPU.Build.0 = Release|Any CPU
		{00E66414-6F04-4FDA-8E84-FAB5AC1265A1}.Release|Mixed Platforms.ActiveCfg = Release|Any CPU
		{00E66414-6F04-4FDA-8E84-FAB5AC1265A1}.Release|Mixed Platforms.Build.0 = Release|Any CPU
		{00E66414-6F04-4FDA-8E84-FAB5AC1265A1}.Release|x86.ActiveCfg = Release|Any CPU
	EndGlobalSection
	GlobalSection(SolutionProperties) = preSolution
		HideSolutionNode = FALSE
	EndGlobalSection
EndGlobal
